
Microsoft Visual Studio Solution File, Format Version 12.00
# Visual Studio Version 16
VisualStudioVersion = 16.0.30621.155
MinimumVisualStudioVersion = 10.0.40219.1
Project("{8BC9CEB8-8B4A-11D0-8D11-00A0C91BC942}") = "Heap-PQueue", "Heap-PQueue\Heap-PQueue.vcxproj", "{09CAE2FA-0F36-47C2-BAC3-CA23F7EBAA5F}"
EndProject
Global
	GlobalSection(SolutionConfigurationPlatforms) = preSolution
		Debug|x64 = Debug|x64
		Debug|x86 = Debug|x86
		Release|x64 = Release|x64
		Release|x86 = Release|x86
	EndGlobalSection
	GlobalSection(ProjectConfigurationPlatforms) = postSolution
		{09CAE2FA-0F36-47C2-BAC3-CA23F7EBAA5F}.Debug|x64.ActiveCfg = Debug|x64
		{09CAE2FA-0F36-47C2-BAC3-CA23F7EBAA5F}.Debug|x64.Build.0 = Debug|x64
		{09CAE2FA-0F36-47C2-BAC3-CA23F7EBAA5F}.Debug|x86.ActiveCfg = Debug|Win32
		{09CAE2FA-0F36-47C2-BAC3-CA23F7EBAA5F}.Debug|x86.Build.0 = Debug|Win32
		{09CAE2FA-0F36-47C2-BAC3-CA23F7EBAA5F}.Release|x64.ActiveCfg = Release|x64
		{09CAE2FA-0F36-47C2-BAC3-CA23F7EBAA5F}.Release|x64.Build.0 = Release|x64
		{09CAE2FA-0F36-47C2-BAC3-CA23F7EBAA5F}.Release|x86.ActiveCfg = Release|Win32
		{09CAE2FA-0F36-47C2-BAC3-CA23F7EBAA5F}.Release|x86.Build.0 = Release|Win32
	EndGlobalSection
	GlobalSection(SolutionProperties) = preSolution
		HideSolutionNode = FALSE
	EndGlobalSection
	GlobalSection(ExtensibilityGlobals) = postSolution
		SolutionGuid = {F7B7095C-1099-4F0C-AC6A-753B702A5A57}
	EndGlobalSection
EndGlobal
